// !$*UTF8*$!
{
	archiveVersion = 1;
	classes = {
	};
	objectVersion = 46;
	objects = {

/* Begin PBXBuildFile section */
		CC7173431C0BFA6B0001271E /* main.m in Sources */ = {isa = PBXBuildFile; fileRef = CC7173421C0BFA6B0001271E /* main.m */; };
		CC7173461C0BFA6B0001271E /* AppDelegate.m in Sources */ = {isa = PBXBuildFile; fileRef = CC7173451C0BFA6B0001271E /* AppDelegate.m */; };
		CC7173491C0BFA6B0001271E /* ViewController.m in Sources */ = {isa = PBXBuildFile; fileRef = CC7173481C0BFA6B0001271E /* ViewController.m */; };
		CC71734C1C0BFA6B0001271E /* Main.storyboard in Resources */ = {isa = PBXBuildFile; fileRef = CC71734A1C0BFA6B0001271E /* Main.storyboard */; };
		CC71734E1C0BFA6B0001271E /* Assets.xcassets in Resources */ = {isa = PBXBuildFile; fileRef = CC71734D1C0BFA6B0001271E /* Assets.xcassets */; };
		CC7173511C0BFA6B0001271E /* LaunchScreen.storyboard in Resources */ = {isa = PBXBuildFile; fileRef = CC71734F1C0BFA6B0001271E /* LaunchScreen.storyboard */; };
		CC71735C1C0BFA6B0001271E /* __Tests.m in Sources */ = {isa = PBXBuildFile; fileRef = CC71735B1C0BFA6B0001271E /* __Tests.m */; };
		CC7173691C0BFA8E0001271E /* new_feature_1@2x.png in Resources */ = {isa = PBXBuildFile; fileRef = CC7173661C0BFA8E0001271E /* new_feature_1@2x.png */; settings = {ASSET_TAGS = (); }; };
		CC71736A1C0BFA8E0001271E /* new_feature_2@2x.png in Resources */ = {isa = PBXBuildFile; fileRef = CC7173671C0BFA8E0001271E /* new_feature_2@2x.png */; settings = {ASSET_TAGS = (); }; };
		CC71736B1C0BFA8E0001271E /* new_feature_3@2x.png in Resources */ = {isa = PBXBuildFile; fileRef = CC7173681C0BFA8E0001271E /* new_feature_3@2x.png */; settings = {ASSET_TAGS = (); }; };
/* End PBXBuildFile section */

/* Begin PBXContainerItemProxy section */
		CC7173581C0BFA6B0001271E /* PBXContainerItemProxy */ = {
			isa = PBXContainerItemProxy;
			containerPortal = CC7173361C0BFA6B0001271E /* Project object */;
			proxyType = 1;
			remoteGlobalIDString = CC71733D1C0BFA6B0001271E;
			remoteInfo = "相册";
		};
/* End PBXContainerItemProxy section */

/* Begin PBXFileReference section */
		CC71733E1C0BFA6B0001271E /* 相册.app */ = {isa = PBXFileReference; explicitFileType = wrapper.application; includeInIndex = 0; path = "相册.app"; sourceTree = BUILT_PRODUCTS_DIR; };
		CC7173421C0BFA6B0001271E /* main.m */ = {isa = PBXFileReference; lastKnownFileType = sourcecode.c.objc; path = main.m; sourceTree = "<group>"; };
		CC7173441C0BFA6B0001271E /* AppDelegate.h */ = {isa = PBXFileReference; lastKnownFileType = sourcecode.c.h; path = AppDelegate.h; sourceTree = "<group>"; };
		CC7173451C0BFA6B0001271E /* AppDelegate.m */ = {isa = PBXFileReference; lastKnownFileType = sourcecode.c.objc; path = AppDelegate.m; sourceTree = "<group>"; };
		CC7173471C0BFA6B0001271E /* ViewController.h */ = {isa = PBXFileReference; lastKnownFileType = sourcecode.c.h; path = ViewController.h; sourceTree = "<group>"; };
		CC7173481C0BFA6B0001271E /* ViewController.m */ = {isa = PBXFileReference; lastKnownFileType = sourcecode.c.objc; path = ViewController.m; sourceTree = "<group>"; };
		CC71734B1C0BFA6B0001271E /* Base */ = {isa = PBXFileReference; lastKnownFileType = file.storyboard; name = Base; path = Base.lproj/Main.storyboard; sourceTree = "<group>"; };
		CC71734D1C0BFA6B0001271E /* Assets.xcassets */ = {isa = PBXFileReference; lastKnownFileType = folder.assetcatalog; path = Assets.xcassets; sourceTree = "<group>"; };
		CC7173501C0BFA6B0001271E /* Base */ = {isa = PBXFileReference; lastKnownFileType = file.storyboard; name = Base; path = Base.lproj/LaunchScreen.storyboard; sourceTree = "<group>"; };
		CC7173521C0BFA6B0001271E /* Info.plist */ = {isa = PBXFileReference; lastKnownFileType = text.plist.xml; path = Info.plist; sourceTree = "<group>"; };
		CC7173571C0BFA6B0001271E /* 相册Tests.xctest */ = {isa = PBXFileReference; explicitFileType = wrapper.cfbundle; includeInIndex = 0; path = "相册Tests.xctest"; sourceTree = BUILT_PRODUCTS_DIR; };
		CC71735B1C0BFA6B0001271E /* __Tests.m */ = {isa = PBXFileReference; lastKnownFileType = sourcecode.c.objc; path = __Tests.m; sourceTree = "<group>"; };
		CC71735D1C0BFA6B0001271E /* Info.plist */ = {isa = PBXFileReference; lastKnownFileType = text.plist.xml; path = Info.plist; sourceTree = "<group>"; };
		CC7173661C0BFA8E0001271E /* new_feature_1@2x.png */ = {isa = PBXFileReference; lastKnownFileType = image.png; path = "new_feature_1@2x.png"; sourceTree = "<group>"; };
		CC7173671C0BFA8E0001271E /* new_feature_2@2x.png */ = {isa = PBXFileReference; lastKnownFileType = image.png; path = "new_feature_2@2x.png"; sourceTree = "<group>"; };
		CC7173681C0BFA8E0001271E /* new_feature_3@2x.png */ = {isa = PBXFileReference; lastKnownFileType = image.png; path = "new_feature_3@2x.png"; sourceTree = "<group>"; };
/* End PBXFileReference section */

/* Begin PBXFrameworksBuildPhase section */
		CC71733B1C0BFA6B0001271E /* Frameworks */ = {
			isa = PBXFrameworksBuildPhase;
			buildActionMask = 2147483647;
			files = (
			);
			runOnlyForDeploymentPostprocessing = 0;
		};
		CC7173541C0BFA6B0001271E /* Frameworks */ = {
			isa = PBXFrameworksBuildPhase;
			buildActionMask = 2147483647;
			files = (
			);
			runOnlyForDeploymentPostprocessing = 0;
		};
/* End PBXFrameworksBuildPhase section */

/* Begin PBXGroup section */
		CC7173351C0BFA6B0001271E = {
			isa = PBXGroup;
			children = (
				CC7173401C0BFA6B0001271E /* 相册 */,
				CC71735A1C0BFA6B0001271E /* 相册Tests */,
				CC71733F1C0BFA6B0001271E /* Products */,
			);
			sourceTree = "<group>";
		};
		CC71733F1C0BFA6B0001271E /* Products */ = {
			isa = PBXGroup;
			children = (
				CC71733E1C0BFA6B0001271E /* 相册.app */,
				CC7173571C0BFA6B0001271E /* 相册Tests.xctest */,
			);
			name = Products;
			sourceTree = "<group>";
		};
		CC7173401C0BFA6B0001271E /* 相册 */ = {
			isa = PBXGroup;
			children = (
				CC7173441C0BFA6B0001271E /* AppDelegate.h */,
				CC7173451C0BFA6B0001271E /* AppDelegate.m */,
				CC7173471C0BFA6B0001271E /* ViewController.h */,
				CC7173481C0BFA6B0001271E /* ViewController.m */,
				CC71734A1C0BFA6B0001271E /* Main.storyboard */,
				CC71734D1C0BFA6B0001271E /* Assets.xcassets */,
				CC71734F1C0BFA6B0001271E /* LaunchScreen.storyboard */,
				CC7173521C0BFA6B0001271E /* Info.plist */,
				CC7173411C0BFA6B0001271E /* Supporting Files */,
			);
			path = "相册";
			sourceTree = "<group>";
		};
		CC7173411C0BFA6B0001271E /* Supporting Files */ = {
			isa = PBXGroup;
			children = (
				CC7173661C0BFA8E0001271E /* new_feature_1@2x.png */,
				CC7173671C0BFA8E0001271E /* new_feature_2@2x.png */,
				CC7173681C0BFA8E0001271E /* new_feature_3@2x.png */,
				CC7173421C0BFA6B0001271E /* main.m */,
			);
			name = "Supporting Files";
			sourceTree = "<group>";
		};
		CC71735A1C0BFA6B0001271E /* 相册Tests */ = {
			isa = PBXGroup;
			children = (
				CC71735B1C0BFA6B0001271E /* __Tests.m */,
				CC71735D1C0BFA6B0001271E /* Info.plist */,
			);
			path = "相册Tests";
			sourceTree = "<group>";
		};
/* End PBXGroup section */

/* Begin PBXNativeTarget section */
		CC71733D1C0BFA6B0001271E /* 相册 */ = {
			isa = PBXNativeTarget;
			buildConfigurationList = CC7173601C0BFA6B0001271E /* Build configuration list for PBXNativeTarget "相册" */;
			buildPhases = (
				CC71733A1C0BFA6B0001271E /* Sources */,
				CC71733B1C0BFA6B0001271E /* Frameworks */,
				CC71733C1C0BFA6B0001271E /* Resources */,
			);
			buildRules = (
			);
			dependencies = (
			);
			name = "相册";
			productName = "相册";
			productReference = CC71733E1C0BFA6B0001271E /* 相册.app */;
			productType = "com.apple.product-type.application";
		};
		CC7173561C0BFA6B0001271E /* 相册Tests */ = {
			isa = PBXNativeTarget;
			buildConfigurationList = CC7173631C0BFA6B0001271E /* Build configuration list for PBXNativeTarget "相册Tests" */;
			buildPhases = (
				CC7173531C0BFA6B0001271E /* Sources */,
				CC7173541C0BFA6B0001271E /* Frameworks */,
				CC7173551C0BFA6B0001271E /* Resources */,
			);
			buildRules = (
			);
			dependencies = (
				CC7173591C0BFA6B0001271E /* PBXTargetDependency */,
			);
			name = "相册Tests";
			productName = "相册Tests";
			productReference = CC7173571C0BFA6B0001271E /* 相册Tests.xctest */;
			productType = "com.apple.product-type.bundle.unit-test";
		};
/* End PBXNativeTarget section */

/* Begin PBXProject section */
		CC7173361C0BFA6B0001271E /* Project object */ = {
			isa = PBXProject;
			attributes = {
				LastUpgradeCheck = 0700;
				ORGANIZATIONNAME = "河南青云信息技术有限公司";
				TargetAttributes = {
					CC71733D1C0BFA6B0001271E = {
						CreatedOnToolsVersion = 7.0.1;
					};
					CC7173561C0BFA6B0001271E = {
						CreatedOnToolsVersion = 7.0.1;
						TestTargetID = CC71733D1C0BFA6B0001271E;
					};
				};
			};
			buildConfigurationList = CC7173391C0BFA6B0001271E /* Build configuration list for PBXProject "相册" */;
			compatibilityVersion = "Xcode 3.2";
			developmentRegion = English;
			hasScannedForEncodings = 0;
			knownRegions = (
				en,
				Base,
			);
			mainGroup = CC7173351C0BFA6B0001271E;
			productRefGroup = CC71733F1C0BFA6B0001271E /* Products */;
			projectDirPath = "";
			projectRoot = "";
			targets = (
				CC71733D1C0BFA6B0001271E /* 相册 */,
				CC7173561C0BFA6B0001271E /* 相册Tests */,
			);
		};
/* End PBXProject section */

/* Begin PBXResourcesBuildPhase section */
		CC71733C1C0BFA6B0001271E /* Resources */ = {
			isa = PBXResourcesBuildPhase;
			buildActionMask = 2147483647;
			files = (
				CC7173511C0BFA6B0001271E /* LaunchScreen.storyboard in Resources */,
				CC71734E1C0BFA6B0001271E /* Assets.xcassets in Resources */,
				CC71736A1C0BFA8E0001271E /* new_feature_2@2x.png in Resources */,
				CC7173691C0BFA8E0001271E /* new_feature_1@2x.png in Resources */,
				CC71736B1C0BFA8E0001271E /* new_feature_3@2x.png in Resources */,
				CC71734C1C0BFA6B0001271E /* Main.storyboard in Resources */,
			);
			runOnlyForDeploymentPostprocessing = 0;
		};
		CC7173551C0BFA6B0001271E /* Resources */ = {
			isa = PBXResourcesBuildPhase;
			buildActionMask = 2147483647;
			files = (
			);
			runOnlyForDeploymentPostprocessing = 0;
		};
/* End PBXResourcesBuildPhase section */

/* Begin PBXSourcesBuildPhase section */
		CC71733A1C0BFA6B0001271E /* Sources */ = {
			isa = PBXSourcesBuildPhase;
			buildActionMask = 2147483647;
			files = (
				CC7173491C0BFA6B0001271E /* ViewController.m in Sources */,
				CC7173461C0BFA6B0001271E /* AppDelegate.m in Sources */,
				CC7173431C0BFA6B0001271E /* main.m in Sources */,
			);
			runOnlyForDeploymentPostprocessing = 0;
		};
		CC7173531C0BFA6B0001271E /* Sources */ = {
			isa = PBXSourcesBuildPhase;
			buildActionMask = 2147483647;
			files = (
				CC71735C1C0BFA6B0001271E /* __Tests.m in Sources */,
			);
			runOnlyForDeploymentPostprocessing = 0;
		};
/* End PBXSourcesBuildPhase section */

/* Begin PBXTargetDependency section */
		CC7173591C0BFA6B0001271E /* PBXTargetDependency */ = {
			isa = PBXTargetDependency;
			target = CC71733D1C0BFA6B0001271E /* 相册 */;
			targetProxy = CC7173581C0BFA6B0001271E /* PBXContainerItemProxy */;
		};
/* End PBXTargetDependency section */

/* Begin PBXVariantGroup section */
		CC71734A1C0BFA6B0001271E /* Main.storyboard */ = {
			isa = PBXVariantGroup;
			children = (
				CC71734B1C0BFA6B0001271E /* Base */,
			);
			name = Main.storyboard;
			sourceTree = "<group>";
		};
		CC71734F1C0BFA6B0001271E /* LaunchScreen.storyboard */ = {
			isa = PBXVariantGroup;
			children = (
				CC7173501C0BFA6B0001271E /* Base */,
			);
			name = LaunchScreen.storyboard;
			sourceTree = "<group>";
		};
/* End PBXVariantGroup section */

/* Begin XCBuildConfiguration section */
		CC71735E1C0BFA6B0001271E /* Debug */ = {
			isa = XCBuildConfiguration;
			buildSettings = {
				ALWAYS_SEARCH_USER_PATHS = NO;
				CLANG_CXX_LANGUAGE_STANDARD = "gnu++0x";
				CLANG_CXX_LIBRARY = "libc++";
				CLANG_ENABLE_MODULES = YES;
				CLANG_ENABLE_OBJC_ARC = YES;
				CLANG_WARN_BOOL_CONVERSION = YES;
				CLANG_WARN_CONSTANT_CONVERSION = YES;
				CLANG_WARN_DIRECT_OBJC_ISA_USAGE = YES_ERROR;
				CLANG_WARN_EMPTY_BODY = YES;
				CLANG_WARN_ENUM_CONVERSION = YES;
				CLANG_WARN_INT_CONVERSION = YES;
				CLANG_WARN_OBJC_ROOT_CLASS = YES_ERROR;
				CLANG_WARN_UNREACHABLE_CODE = YES;
				CLANG_WARN__DUPLICATE_METHOD_MATCH = YES;
				"CODE_SIGN_IDENTITY[sdk=iphoneos*]" = "iPhone Developer";
				COPY_PHASE_STRIP = NO;
				DEBUG_INFORMATION_FORMAT = dwarf;
				ENABLE_STRICT_OBJC_MSGSEND = YES;
				ENABLE_TESTABILITY = YES;
				GCC_C_LANGUAGE_STANDARD = gnu99;
				GCC_DYNAMIC_NO_PIC = NO;
				GCC_NO_COMMON_BLOCKS = YES;
				GCC_OPTIMIZATION_LEVEL = 0;
				GCC_PREPROCESSOR_DEFINITIONS = (
					"DEBUG=1",
					"$(inherited)",
				);
				GCC_WARN_64_TO_32_BIT_CONVERSION = YES;
				GCC_WARN_ABOUT_RETURN_TYPE = YES_ERROR;
				GCC_WARN_UNDECLARED_SELECTOR = YES;
				GCC_WARN_UNINITIALIZED_AUTOS = YES_AGGRESSIVE;
				GCC_WARN_UNUSED_FUNCTION = YES;
				GCC_WARN_UNUSED_VARIABLE = YES;
				IPHONEOS_DEPLOYMENT_TARGET = 9.0;
				MTL_ENABLE_DEBUG_INFO = YES;
				ONLY_ACTIVE_ARCH = YES;
				SDKROOT = iphoneos;
			};
			name = Debug;
		};
		CC71735F1C0BFA6B0001271E /* Release */ = {
			isa = XCBuildConfiguration;
			buildSettings = {
				ALWAYS_SEARCH_USER_PATHS = NO;
				CLANG_CXX_LANGUAGE_STANDARD = "gnu++0x";
				CLANG_CXX_LIBRARY = "libc++";
				CLANG_ENABLE_MODULES = YES;
				CLANG_ENABLE_OBJC_ARC = YES;
				CLANG_WARN_BOOL_CONVERSION = YES;
				CLANG_WARN_CONSTANT_CONVERSION = YES;
				CLANG_WARN_DIRECT_OBJC_ISA_USAGE = YES_ERROR;
				CLANG_WARN_EMPTY_BODY = YES;
				CLANG_WARN_ENUM_CONVERSION = YES;
				CLANG_WARN_INT_CONVERSION = YES;
				CLANG_WARN_OBJC_ROOT_CLASS = YES_ERROR;
				CLANG_WARN_UNREACHABLE_CODE = YES;
				CLANG_WARN__DUPLICATE_METHOD_MATCH = YES;
				"CODE_SIGN_IDENTITY[sdk=iphoneos*]" = "iPhone Developer";
				COPY_PHASE_STRIP = NO;
				DEBUG_INFORMATION_FORMAT = "dwarf-with-dsym";
				ENABLE_NS_ASSERTIONS = NO;
				ENABLE_STRICT_OBJC_MSGSEND = YES;
				GCC_C_LANGUAGE_STANDARD = gnu99;
				GCC_NO_COMMON_BLOCKS = YES;
				GCC_WARN_64_TO_32_BIT_CONVERSION = YES;
				GCC_WARN_ABOUT_RETURN_TYPE = YES_ERROR;
				GCC_WARN_UNDECLARED_SELECTOR = YES;
				GCC_WARN_UNINITIALIZED_AUTOS = YES_AGGRESSIVE;
				GCC_WARN_UNUSED_FUNCTION = YES;
				GCC_WARN_UNUSED_VARIABLE = YES;
				IPHONEOS_DEPLOYMENT_TARGET = 9.0;
				MTL_ENABLE_DEBUG_INFO = NO;
				SDKROOT = iphoneos;
				VALIDATE_PRODUCT = YES;
			};
			name = Release;
		};
		CC7173611C0BFA6B0001271E /* Debug */ = {
			isa = XCBuildConfiguration;
			buildSettings = {
				ASSETCATALOG_COMPILER_APPICON_NAME = AppIcon;
				INFOPLIST_FILE = "相册/Info.plist";
				LD_RUNPATH_SEARCH_PATHS = "$(inherited) @executable_path/Frameworks";
				PRODUCT_BUNDLE_IDENTIFIER = "com.qingyun.--";
				PRODUCT_NAME = "$(TARGET_NAME)";
			};
			name = Debug;
		};
		CC7173621C0BFA6B0001271E /* Release */ = {
			isa = XCBuildConfiguration;
			buildSettings = {
				ASSETCATALOG_COMPILER_APPICON_NAME = AppIcon;
				INFOPLIST_FILE = "相册/Info.plist";
				LD_RUNPATH_SEARCH_PATHS = "$(inherited) @executable_path/Frameworks";
				PRODUCT_BUNDLE_IDENTIFIER = "com.qingyun.--";
				PRODUCT_NAME = "$(TARGET_NAME)";
			};
			name = Release;
		};
		CC7173641C0BFA6B0001271E /* Debug */ = {
			isa = XCBuildConfiguration;
			buildSettings = {
				BUNDLE_LOADER = "$(TEST_HOST)";
				INFOPLIST_FILE = "相册Tests/Info.plist";
				LD_RUNPATH_SEARCH_PATHS = "$(inherited) @executable_path/Frameworks @loader_path/Frameworks";
				PRODUCT_BUNDLE_IDENTIFIER = "com.qingyun.--Tests";
				PRODUCT_NAME = "$(TARGET_NAME)";
				TEST_HOST = "$(BUILT_PRODUCTS_DIR)/相册.app/相册";
			};
			name = Debug;
		};
		CC7173651C0BFA6B0001271E /* Release */ = {
			isa = XCBuildConfiguration;
			buildSettings = {
				BUNDLE_LOADER = "$(TEST_HOST)";
				INFOPLIST_FILE = "相册Tests/Info.plist";
				LD_RUNPATH_SEARCH_PATHS = "$(inherited) @executable_path/Frameworks @loader_path/Frameworks";
				PRODUCT_BUNDLE_IDENTIFIER = "com.qingyun.--Tests";
				PRODUCT_NAME = "$(TARGET_NAME)";
				TEST_HOST = "$(BUILT_PRODUCTS_DIR)/相册.app/相册";
			};
			name = Release;
		};
/* End XCBuildConfiguration section */

/* Begin XCConfigurationList section */
		CC7173391C0BFA6B0001271E /* Build configuration list for PBXProject "相册" */ = {
			isa = XCConfigurationList;
			buildConfigurations = (
				CC71735E1C0BFA6B0001271E /* Debug */,
				CC71735F1C0BFA6B0001271E /* Release */,
			);
			defaultConfigurationIsVisible = 0;
			defaultConfigurationName = Release;
		};
		CC7173601C0BFA6B0001271E /* Build configuration list for PBXNativeTarget "相册" */ = {
			isa = XCConfigurationList;
			buildConfigurations = (
				CC7173611C0BFA6B0001271E /* Debug */,
				CC7173621C0BFA6B0001271E /* Release */,
			);
			defaultConfigurationIsVisible = 0;
		};
		CC7173631C0BFA6B0001271E /* Build configuration list for PBXNativeTarget "相册Tests" */ = {
			isa = XCConfigurationList;
			buildConfigurations = (
				CC7173641C0BFA6B0001271E /* Debug */,
				CC7173651C0BFA6B0001271E /* Release */,
			);
			defaultConfigurationIsVisible = 0;
		};
/* End XCConfigurationList section */
	};
	rootObject = CC7173361C0BFA6B0001271E /* Project object */;
}
