// !$*UTF8*$!
{
	archiveVersion = 1;
	classes = {
	};
	objectVersion = 46;
	objects = {

/* Begin PBXBuildFile section */
		CC109BD81C0D83D000B1B7F8 /* main.m in Sources */ = {isa = PBXBuildFile; fileRef = CC109BD71C0D83D000B1B7F8 /* main.m */; };
		CC109BDB1C0D83D000B1B7F8 /* AppDelegate.m in Sources */ = {isa = PBXBuildFile; fileRef = CC109BDA1C0D83D000B1B7F8 /* AppDelegate.m */; };
		CC109BDE1C0D83D000B1B7F8 /* ViewController.m in Sources */ = {isa = PBXBuildFile; fileRef = CC109BDD1C0D83D000B1B7F8 /* ViewController.m */; };
		CC109BE11C0D83D000B1B7F8 /* Main.storyboard in Resources */ = {isa = PBXBuildFile; fileRef = CC109BDF1C0D83D000B1B7F8 /* Main.storyboard */; };
		CC109BE31C0D83D000B1B7F8 /* Assets.xcassets in Resources */ = {isa = PBXBuildFile; fileRef = CC109BE21C0D83D000B1B7F8 /* Assets.xcassets */; };
		CC109BE61C0D83D000B1B7F8 /* LaunchScreen.storyboard in Resources */ = {isa = PBXBuildFile; fileRef = CC109BE41C0D83D000B1B7F8 /* LaunchScreen.storyboard */; };
		CC109BF11C0D83D000B1B7F8 /* __UITableViewTests.m in Sources */ = {isa = PBXBuildFile; fileRef = CC109BF01C0D83D000B1B7F8 /* __UITableViewTests.m */; };
		CC109BFC1C0D841800B1B7F8 /* bg.jpg in Resources */ = {isa = PBXBuildFile; fileRef = CC109BFB1C0D841800B1B7F8 /* bg.jpg */; settings = {ASSET_TAGS = (); }; };
/* End PBXBuildFile section */

/* Begin PBXContainerItemProxy section */
		CC109BED1C0D83D000B1B7F8 /* PBXContainerItemProxy */ = {
			isa = PBXContainerItemProxy;
			containerPortal = CC109BCB1C0D83D000B1B7F8 /* Project object */;
			proxyType = 1;
			remoteGlobalIDString = CC109BD21C0D83D000B1B7F8;
			remoteInfo = "3-UITableView";
		};
/* End PBXContainerItemProxy section */

/* Begin PBXFileReference section */
		CC109BD31C0D83D000B1B7F8 /* 3-UITableView.app */ = {isa = PBXFileReference; explicitFileType = wrapper.application; includeInIndex = 0; path = "3-UITableView.app"; sourceTree = BUILT_PRODUCTS_DIR; };
		CC109BD71C0D83D000B1B7F8 /* main.m */ = {isa = PBXFileReference; lastKnownFileType = sourcecode.c.objc; path = main.m; sourceTree = "<group>"; };
		CC109BD91C0D83D000B1B7F8 /* AppDelegate.h */ = {isa = PBXFileReference; lastKnownFileType = sourcecode.c.h; path = AppDelegate.h; sourceTree = "<group>"; };
		CC109BDA1C0D83D000B1B7F8 /* AppDelegate.m */ = {isa = PBXFileReference; lastKnownFileType = sourcecode.c.objc; path = AppDelegate.m; sourceTree = "<group>"; };
		CC109BDC1C0D83D000B1B7F8 /* ViewController.h */ = {isa = PBXFileReference; lastKnownFileType = sourcecode.c.h; path = ViewController.h; sourceTree = "<group>"; };
		CC109BDD1C0D83D000B1B7F8 /* ViewController.m */ = {isa = PBXFileReference; lastKnownFileType = sourcecode.c.objc; path = ViewController.m; sourceTree = "<group>"; };
		CC109BE01C0D83D000B1B7F8 /* Base */ = {isa = PBXFileReference; lastKnownFileType = file.storyboard; name = Base; path = Base.lproj/Main.storyboard; sourceTree = "<group>"; };
		CC109BE21C0D83D000B1B7F8 /* Assets.xcassets */ = {isa = PBXFileReference; lastKnownFileType = folder.assetcatalog; path = Assets.xcassets; sourceTree = "<group>"; };
		CC109BE51C0D83D000B1B7F8 /* Base */ = {isa = PBXFileReference; lastKnownFileType = file.storyboard; name = Base; path = Base.lproj/LaunchScreen.storyboard; sourceTree = "<group>"; };
		CC109BE71C0D83D000B1B7F8 /* Info.plist */ = {isa = PBXFileReference; lastKnownFileType = text.plist.xml; path = Info.plist; sourceTree = "<group>"; };
		CC109BEC1C0D83D000B1B7F8 /* 3-UITableViewTests.xctest */ = {isa = PBXFileReference; explicitFileType = wrapper.cfbundle; includeInIndex = 0; path = "3-UITableViewTests.xctest"; sourceTree = BUILT_PRODUCTS_DIR; };
		CC109BF01C0D83D000B1B7F8 /* __UITableViewTests.m */ = {isa = PBXFileReference; lastKnownFileType = sourcecode.c.objc; path = __UITableViewTests.m; sourceTree = "<group>"; };
		CC109BF21C0D83D000B1B7F8 /* Info.plist */ = {isa = PBXFileReference; lastKnownFileType = text.plist.xml; path = Info.plist; sourceTree = "<group>"; };
		CC109BFB1C0D841800B1B7F8 /* bg.jpg */ = {isa = PBXFileReference; lastKnownFileType = image.jpeg; path = bg.jpg; sourceTree = "<group>"; };
/* End PBXFileReference section */

/* Begin PBXFrameworksBuildPhase section */
		CC109BD01C0D83D000B1B7F8 /* Frameworks */ = {
			isa = PBXFrameworksBuildPhase;
			buildActionMask = 2147483647;
			files = (
			);
			runOnlyForDeploymentPostprocessing = 0;
		};
		CC109BE91C0D83D000B1B7F8 /* Frameworks */ = {
			isa = PBXFrameworksBuildPhase;
			buildActionMask = 2147483647;
			files = (
			);
			runOnlyForDeploymentPostprocessing = 0;
		};
/* End PBXFrameworksBuildPhase section */

/* Begin PBXGroup section */
		CC109BCA1C0D83D000B1B7F8 = {
			isa = PBXGroup;
			children = (
				CC109BD51C0D83D000B1B7F8 /* 3-UITableView */,
				CC109BEF1C0D83D000B1B7F8 /* 3-UITableViewTests */,
				CC109BD41C0D83D000B1B7F8 /* Products */,
			);
			sourceTree = "<group>";
		};
		CC109BD41C0D83D000B1B7F8 /* Products */ = {
			isa = PBXGroup;
			children = (
				CC109BD31C0D83D000B1B7F8 /* 3-UITableView.app */,
				CC109BEC1C0D83D000B1B7F8 /* 3-UITableViewTests.xctest */,
			);
			name = Products;
			sourceTree = "<group>";
		};
		CC109BD51C0D83D000B1B7F8 /* 3-UITableView */ = {
			isa = PBXGroup;
			children = (
				CC109BD91C0D83D000B1B7F8 /* AppDelegate.h */,
				CC109BDA1C0D83D000B1B7F8 /* AppDelegate.m */,
				CC109BDC1C0D83D000B1B7F8 /* ViewController.h */,
				CC109BDD1C0D83D000B1B7F8 /* ViewController.m */,
				CC109BDF1C0D83D000B1B7F8 /* Main.storyboard */,
				CC109BE21C0D83D000B1B7F8 /* Assets.xcassets */,
				CC109BE41C0D83D000B1B7F8 /* LaunchScreen.storyboard */,
				CC109BE71C0D83D000B1B7F8 /* Info.plist */,
				CC109BD61C0D83D000B1B7F8 /* Supporting Files */,
			);
			path = "3-UITableView";
			sourceTree = "<group>";
		};
		CC109BD61C0D83D000B1B7F8 /* Supporting Files */ = {
			isa = PBXGroup;
			children = (
				CC109BFB1C0D841800B1B7F8 /* bg.jpg */,
				CC109BD71C0D83D000B1B7F8 /* main.m */,
			);
			name = "Supporting Files";
			sourceTree = "<group>";
		};
		CC109BEF1C0D83D000B1B7F8 /* 3-UITableViewTests */ = {
			isa = PBXGroup;
			children = (
				CC109BF01C0D83D000B1B7F8 /* __UITableViewTests.m */,
				CC109BF21C0D83D000B1B7F8 /* Info.plist */,
			);
			path = "3-UITableViewTests";
			sourceTree = "<group>";
		};
/* End PBXGroup section */

/* Begin PBXNativeTarget section */
		CC109BD21C0D83D000B1B7F8 /* 3-UITableView */ = {
			isa = PBXNativeTarget;
			buildConfigurationList = CC109BF51C0D83D000B1B7F8 /* Build configuration list for PBXNativeTarget "3-UITableView" */;
			buildPhases = (
				CC109BCF1C0D83D000B1B7F8 /* Sources */,
				CC109BD01C0D83D000B1B7F8 /* Frameworks */,
				CC109BD11C0D83D000B1B7F8 /* Resources */,
			);
			buildRules = (
			);
			dependencies = (
			);
			name = "3-UITableView";
			productName = "3-UITableView";
			productReference = CC109BD31C0D83D000B1B7F8 /* 3-UITableView.app */;
			productType = "com.apple.product-type.application";
		};
		CC109BEB1C0D83D000B1B7F8 /* 3-UITableViewTests */ = {
			isa = PBXNativeTarget;
			buildConfigurationList = CC109BF81C0D83D000B1B7F8 /* Build configuration list for PBXNativeTarget "3-UITableViewTests" */;
			buildPhases = (
				CC109BE81C0D83D000B1B7F8 /* Sources */,
				CC109BE91C0D83D000B1B7F8 /* Frameworks */,
				CC109BEA1C0D83D000B1B7F8 /* Resources */,
			);
			buildRules = (
			);
			dependencies = (
				CC109BEE1C0D83D000B1B7F8 /* PBXTargetDependency */,
			);
			name = "3-UITableViewTests";
			productName = "3-UITableViewTests";
			productReference = CC109BEC1C0D83D000B1B7F8 /* 3-UITableViewTests.xctest */;
			productType = "com.apple.product-type.bundle.unit-test";
		};
/* End PBXNativeTarget section */

/* Begin PBXProject section */
		CC109BCB1C0D83D000B1B7F8 /* Project object */ = {
			isa = PBXProject;
			attributes = {
				LastUpgradeCheck = 0700;
				ORGANIZATIONNAME = "河南青云信息技术有限公司";
				TargetAttributes = {
					CC109BD21C0D83D000B1B7F8 = {
						CreatedOnToolsVersion = 7.0.1;
					};
					CC109BEB1C0D83D000B1B7F8 = {
						CreatedOnToolsVersion = 7.0.1;
						TestTargetID = CC109BD21C0D83D000B1B7F8;
					};
				};
			};
			buildConfigurationList = CC109BCE1C0D83D000B1B7F8 /* Build configuration list for PBXProject "3-UITableView" */;
			compatibilityVersion = "Xcode 3.2";
			developmentRegion = English;
			hasScannedForEncodings = 0;
			knownRegions = (
				en,
				Base,
			);
			mainGroup = CC109BCA1C0D83D000B1B7F8;
			productRefGroup = CC109BD41C0D83D000B1B7F8 /* Products */;
			projectDirPath = "";
			projectRoot = "";
			targets = (
				CC109BD21C0D83D000B1B7F8 /* 3-UITableView */,
				CC109BEB1C0D83D000B1B7F8 /* 3-UITableViewTests */,
			);
		};
/* End PBXProject section */

/* Begin PBXResourcesBuildPhase section */
		CC109BD11C0D83D000B1B7F8 /* Resources */ = {
			isa = PBXResourcesBuildPhase;
			buildActionMask = 2147483647;
			files = (
				CC109BE61C0D83D000B1B7F8 /* LaunchScreen.storyboard in Resources */,
				CC109BE31C0D83D000B1B7F8 /* Assets.xcassets in Resources */,
				CC109BFC1C0D841800B1B7F8 /* bg.jpg in Resources */,
				CC109BE11C0D83D000B1B7F8 /* Main.storyboard in Resources */,
			);
			runOnlyForDeploymentPostprocessing = 0;
		};
		CC109BEA1C0D83D000B1B7F8 /* Resources */ = {
			isa = PBXResourcesBuildPhase;
			buildActionMask = 2147483647;
			files = (
			);
			runOnlyForDeploymentPostprocessing = 0;
		};
/* End PBXResourcesBuildPhase section */

/* Begin PBXSourcesBuildPhase section */
		CC109BCF1C0D83D000B1B7F8 /* Sources */ = {
			isa = PBXSourcesBuildPhase;
			buildActionMask = 2147483647;
			files = (
				CC109BDE1C0D83D000B1B7F8 /* ViewController.m in Sources */,
				CC109BDB1C0D83D000B1B7F8 /* AppDelegate.m in Sources */,
				CC109BD81C0D83D000B1B7F8 /* main.m in Sources */,
			);
			runOnlyForDeploymentPostprocessing = 0;
		};
		CC109BE81C0D83D000B1B7F8 /* Sources */ = {
			isa = PBXSourcesBuildPhase;
			buildActionMask = 2147483647;
			files = (
				CC109BF11C0D83D000B1B7F8 /* __UITableViewTests.m in Sources */,
			);
			runOnlyForDeploymentPostprocessing = 0;
		};
/* End PBXSourcesBuildPhase section */

/* Begin PBXTargetDependency section */
		CC109BEE1C0D83D000B1B7F8 /* PBXTargetDependency */ = {
			isa = PBXTargetDependency;
			target = CC109BD21C0D83D000B1B7F8 /* 3-UITableView */;
			targetProxy = CC109BED1C0D83D000B1B7F8 /* PBXContainerItemProxy */;
		};
/* End PBXTargetDependency section */

/* Begin PBXVariantGroup section */
		CC109BDF1C0D83D000B1B7F8 /* Main.storyboard */ = {
			isa = PBXVariantGroup;
			children = (
				CC109BE01C0D83D000B1B7F8 /* Base */,
			);
			name = Main.storyboard;
			sourceTree = "<group>";
		};
		CC109BE41C0D83D000B1B7F8 /* LaunchScreen.storyboard */ = {
			isa = PBXVariantGroup;
			children = (
				CC109BE51C0D83D000B1B7F8 /* Base */,
			);
			name = LaunchScreen.storyboard;
			sourceTree = "<group>";
		};
/* End PBXVariantGroup section */

/* Begin XCBuildConfiguration section */
		CC109BF31C0D83D000B1B7F8 /* Debug */ = {
			isa = XCBuildConfiguration;
			buildSettings = {
				ALWAYS_SEARCH_USER_PATHS = NO;
				CLANG_CXX_LANGUAGE_STANDARD = "gnu++0x";
				CLANG_CXX_LIBRARY = "libc++";
				CLANG_ENABLE_MODULES = YES;
				CLANG_ENABLE_OBJC_ARC = YES;
				CLANG_WARN_BOOL_CONVERSION = YES;
				CLANG_WARN_CONSTANT_CONVERSION = YES;
				CLANG_WARN_DIRECT_OBJC_ISA_USAGE = YES_ERROR;
				CLANG_WARN_EMPTY_BODY = YES;
				CLANG_WARN_ENUM_CONVERSION = YES;
				CLANG_WARN_INT_CONVERSION = YES;
				CLANG_WARN_OBJC_ROOT_CLASS = YES_ERROR;
				CLANG_WARN_UNREACHABLE_CODE = YES;
				CLANG_WARN__DUPLICATE_METHOD_MATCH = YES;
				"CODE_SIGN_IDENTITY[sdk=iphoneos*]" = "iPhone Developer";
				COPY_PHASE_STRIP = NO;
				DEBUG_INFORMATION_FORMAT = dwarf;
				ENABLE_STRICT_OBJC_MSGSEND = YES;
				ENABLE_TESTABILITY = YES;
				GCC_C_LANGUAGE_STANDARD = gnu99;
				GCC_DYNAMIC_NO_PIC = NO;
				GCC_NO_COMMON_BLOCKS = YES;
				GCC_OPTIMIZATION_LEVEL = 0;
				GCC_PREPROCESSOR_DEFINITIONS = (
					"DEBUG=1",
					"$(inherited)",
				);
				GCC_WARN_64_TO_32_BIT_CONVERSION = YES;
				GCC_WARN_ABOUT_RETURN_TYPE = YES_ERROR;
				GCC_WARN_UNDECLARED_SELECTOR = YES;
				GCC_WARN_UNINITIALIZED_AUTOS = YES_AGGRESSIVE;
				GCC_WARN_UNUSED_FUNCTION = YES;
				GCC_WARN_UNUSED_VARIABLE = YES;
				IPHONEOS_DEPLOYMENT_TARGET = 9.0;
				MTL_ENABLE_DEBUG_INFO = YES;
				ONLY_ACTIVE_ARCH = YES;
				SDKROOT = iphoneos;
			};
			name = Debug;
		};
		CC109BF41C0D83D000B1B7F8 /* Release */ = {
			isa = XCBuildConfiguration;
			buildSettings = {
				ALWAYS_SEARCH_USER_PATHS = NO;
				CLANG_CXX_LANGUAGE_STANDARD = "gnu++0x";
				CLANG_CXX_LIBRARY = "libc++";
				CLANG_ENABLE_MODULES = YES;
				CLANG_ENABLE_OBJC_ARC = YES;
				CLANG_WARN_BOOL_CONVERSION = YES;
				CLANG_WARN_CONSTANT_CONVERSION = YES;
				CLANG_WARN_DIRECT_OBJC_ISA_USAGE = YES_ERROR;
				CLANG_WARN_EMPTY_BODY = YES;
				CLANG_WARN_ENUM_CONVERSION = YES;
				CLANG_WARN_INT_CONVERSION = YES;
				CLANG_WARN_OBJC_ROOT_CLASS = YES_ERROR;
				CLANG_WARN_UNREACHABLE_CODE = YES;
				CLANG_WARN__DUPLICATE_METHOD_MATCH = YES;
				"CODE_SIGN_IDENTITY[sdk=iphoneos*]" = "iPhone Developer";
				COPY_PHASE_STRIP = NO;
				DEBUG_INFORMATION_FORMAT = "dwarf-with-dsym";
				ENABLE_NS_ASSERTIONS = NO;
				ENABLE_STRICT_OBJC_MSGSEND = YES;
				GCC_C_LANGUAGE_STANDARD = gnu99;
				GCC_NO_COMMON_BLOCKS = YES;
				GCC_WARN_64_TO_32_BIT_CONVERSION = YES;
				GCC_WARN_ABOUT_RETURN_TYPE = YES_ERROR;
				GCC_WARN_UNDECLARED_SELECTOR = YES;
				GCC_WARN_UNINITIALIZED_AUTOS = YES_AGGRESSIVE;
				GCC_WARN_UNUSED_FUNCTION = YES;
				GCC_WARN_UNUSED_VARIABLE = YES;
				IPHONEOS_DEPLOYMENT_TARGET = 9.0;
				MTL_ENABLE_DEBUG_INFO = NO;
				SDKROOT = iphoneos;
				VALIDATE_PRODUCT = YES;
			};
			name = Release;
		};
		CC109BF61C0D83D000B1B7F8 /* Debug */ = {
			isa = XCBuildConfiguration;
			buildSettings = {
				ASSETCATALOG_COMPILER_APPICON_NAME = AppIcon;
				INFOPLIST_FILE = "3-UITableView/Info.plist";
				LD_RUNPATH_SEARCH_PATHS = "$(inherited) @executable_path/Frameworks";
				PRODUCT_BUNDLE_IDENTIFIER = "com.qingyun.--UITableView";
				PRODUCT_NAME = "$(TARGET_NAME)";
			};
			name = Debug;
		};
		CC109BF71C0D83D000B1B7F8 /* Release */ = {
			isa = XCBuildConfiguration;
			buildSettings = {
				ASSETCATALOG_COMPILER_APPICON_NAME = AppIcon;
				INFOPLIST_FILE = "3-UITableView/Info.plist";
				LD_RUNPATH_SEARCH_PATHS = "$(inherited) @executable_path/Frameworks";
				PRODUCT_BUNDLE_IDENTIFIER = "com.qingyun.--UITableView";
				PRODUCT_NAME = "$(TARGET_NAME)";
			};
			name = Release;
		};
		CC109BF91C0D83D000B1B7F8 /* Debug */ = {
			isa = XCBuildConfiguration;
			buildSettings = {
				BUNDLE_LOADER = "$(TEST_HOST)";
				INFOPLIST_FILE = "3-UITableViewTests/Info.plist";
				LD_RUNPATH_SEARCH_PATHS = "$(inherited) @executable_path/Frameworks @loader_path/Frameworks";
				PRODUCT_BUNDLE_IDENTIFIER = "com.qingyun.--UITableViewTests";
				PRODUCT_NAME = "$(TARGET_NAME)";
				TEST_HOST = "$(BUILT_PRODUCTS_DIR)/3-UITableView.app/3-UITableView";
			};
			name = Debug;
		};
		CC109BFA1C0D83D000B1B7F8 /* Release */ = {
			isa = XCBuildConfiguration;
			buildSettings = {
				BUNDLE_LOADER = "$(TEST_HOST)";
				INFOPLIST_FILE = "3-UITableViewTests/Info.plist";
				LD_RUNPATH_SEARCH_PATHS = "$(inherited) @executable_path/Frameworks @loader_path/Frameworks";
				PRODUCT_BUNDLE_IDENTIFIER = "com.qingyun.--UITableViewTests";
				PRODUCT_NAME = "$(TARGET_NAME)";
				TEST_HOST = "$(BUILT_PRODUCTS_DIR)/3-UITableView.app/3-UITableView";
			};
			name = Release;
		};
/* End XCBuildConfiguration section */

/* Begin XCConfigurationList section */
		CC109BCE1C0D83D000B1B7F8 /* Build configuration list for PBXProject "3-UITableView" */ = {
			isa = XCConfigurationList;
			buildConfigurations = (
				CC109BF31C0D83D000B1B7F8 /* Debug */,
				CC109BF41C0D83D000B1B7F8 /* Release */,
			);
			defaultConfigurationIsVisible = 0;
			defaultConfigurationName = Release;
		};
		CC109BF51C0D83D000B1B7F8 /* Build configuration list for PBXNativeTarget "3-UITableView" */ = {
			isa = XCConfigurationList;
			buildConfigurations = (
				CC109BF61C0D83D000B1B7F8 /* Debug */,
				CC109BF71C0D83D000B1B7F8 /* Release */,
			);
			defaultConfigurationIsVisible = 0;
		};
		CC109BF81C0D83D000B1B7F8 /* Build configuration list for PBXNativeTarget "3-UITableViewTests" */ = {
			isa = XCConfigurationList;
			buildConfigurations = (
				CC109BF91C0D83D000B1B7F8 /* Debug */,
				CC109BFA1C0D83D000B1B7F8 /* Release */,
			);
			defaultConfigurationIsVisible = 0;
		};
/* End XCConfigurationList section */
	};
	rootObject = CC109BCB1C0D83D000B1B7F8 /* Project object */;
}
