// !$*UTF8*$!
{
	archiveVersion = 1;
	classes = {
	};
	objectVersion = 46;
	objects = {

/* Begin PBXBuildFile section */
		CCFD97161C11270F0074C727 /* main.m in Sources */ = {isa = PBXBuildFile; fileRef = CCFD97151C11270F0074C727 /* main.m */; };
		CCFD97191C11270F0074C727 /* AppDelegate.m in Sources */ = {isa = PBXBuildFile; fileRef = CCFD97181C11270F0074C727 /* AppDelegate.m */; };
		CCFD971C1C11270F0074C727 /* ViewController.m in Sources */ = {isa = PBXBuildFile; fileRef = CCFD971B1C11270F0074C727 /* ViewController.m */; };
		CCFD971F1C11270F0074C727 /* Main.storyboard in Resources */ = {isa = PBXBuildFile; fileRef = CCFD971D1C11270F0074C727 /* Main.storyboard */; };
		CCFD97211C11270F0074C727 /* Images.xcassets in Resources */ = {isa = PBXBuildFile; fileRef = CCFD97201C11270F0074C727 /* Images.xcassets */; };
		CCFD97241C11270F0074C727 /* LaunchScreen.xib in Resources */ = {isa = PBXBuildFile; fileRef = CCFD97221C11270F0074C727 /* LaunchScreen.xib */; };
		CCFD97301C1127100074C727 /* _1______Tests.m in Sources */ = {isa = PBXBuildFile; fileRef = CCFD972F1C1127100074C727 /* _1______Tests.m */; };
		CCFD973A1C1127270074C727 /* sortednames.plist in Resources */ = {isa = PBXBuildFile; fileRef = CCFD97391C1127270074C727 /* sortednames.plist */; };
/* End PBXBuildFile section */

/* Begin PBXContainerItemProxy section */
		CCFD972A1C1127100074C727 /* PBXContainerItemProxy */ = {
			isa = PBXContainerItemProxy;
			containerPortal = CCFD97081C11270F0074C727 /* Project object */;
			proxyType = 1;
			remoteGlobalIDString = CCFD970F1C11270F0074C727;
			remoteInfo = "01-索引表视图";
		};
/* End PBXContainerItemProxy section */

/* Begin PBXFileReference section */
		CCFD97101C11270F0074C727 /* 01-索引表视图.app */ = {isa = PBXFileReference; explicitFileType = wrapper.application; includeInIndex = 0; path = "01-索引表视图.app"; sourceTree = BUILT_PRODUCTS_DIR; };
		CCFD97141C11270F0074C727 /* Info.plist */ = {isa = PBXFileReference; lastKnownFileType = text.plist.xml; path = Info.plist; sourceTree = "<group>"; };
		CCFD97151C11270F0074C727 /* main.m */ = {isa = PBXFileReference; lastKnownFileType = sourcecode.c.objc; path = main.m; sourceTree = "<group>"; };
		CCFD97171C11270F0074C727 /* AppDelegate.h */ = {isa = PBXFileReference; lastKnownFileType = sourcecode.c.h; path = AppDelegate.h; sourceTree = "<group>"; };
		CCFD97181C11270F0074C727 /* AppDelegate.m */ = {isa = PBXFileReference; lastKnownFileType = sourcecode.c.objc; path = AppDelegate.m; sourceTree = "<group>"; };
		CCFD971A1C11270F0074C727 /* ViewController.h */ = {isa = PBXFileReference; lastKnownFileType = sourcecode.c.h; path = ViewController.h; sourceTree = "<group>"; };
		CCFD971B1C11270F0074C727 /* ViewController.m */ = {isa = PBXFileReference; lastKnownFileType = sourcecode.c.objc; path = ViewController.m; sourceTree = "<group>"; };
		CCFD971E1C11270F0074C727 /* Base */ = {isa = PBXFileReference; lastKnownFileType = file.storyboard; name = Base; path = Base.lproj/Main.storyboard; sourceTree = "<group>"; };
		CCFD97201C11270F0074C727 /* Images.xcassets */ = {isa = PBXFileReference; lastKnownFileType = folder.assetcatalog; path = Images.xcassets; sourceTree = "<group>"; };
		CCFD97231C11270F0074C727 /* Base */ = {isa = PBXFileReference; lastKnownFileType = file.xib; name = Base; path = Base.lproj/LaunchScreen.xib; sourceTree = "<group>"; };
		CCFD97291C1127100074C727 /* 01-索引表视图Tests.xctest */ = {isa = PBXFileReference; explicitFileType = wrapper.cfbundle; includeInIndex = 0; path = "01-索引表视图Tests.xctest"; sourceTree = BUILT_PRODUCTS_DIR; };
		CCFD972E1C1127100074C727 /* Info.plist */ = {isa = PBXFileReference; lastKnownFileType = text.plist.xml; path = Info.plist; sourceTree = "<group>"; };
		CCFD972F1C1127100074C727 /* _1______Tests.m */ = {isa = PBXFileReference; lastKnownFileType = sourcecode.c.objc; path = "_1______Tests.m"; sourceTree = "<group>"; };
		CCFD97391C1127270074C727 /* sortednames.plist */ = {isa = PBXFileReference; fileEncoding = 4; lastKnownFileType = text.plist.xml; path = sortednames.plist; sourceTree = "<group>"; };
/* End PBXFileReference section */

/* Begin PBXFrameworksBuildPhase section */
		CCFD970D1C11270F0074C727 /* Frameworks */ = {
			isa = PBXFrameworksBuildPhase;
			buildActionMask = 2147483647;
			files = (
			);
			runOnlyForDeploymentPostprocessing = 0;
		};
		CCFD97261C1127100074C727 /* Frameworks */ = {
			isa = PBXFrameworksBuildPhase;
			buildActionMask = 2147483647;
			files = (
			);
			runOnlyForDeploymentPostprocessing = 0;
		};
/* End PBXFrameworksBuildPhase section */

/* Begin PBXGroup section */
		CCFD97071C11270F0074C727 = {
			isa = PBXGroup;
			children = (
				CCFD97121C11270F0074C727 /* 01-索引表视图 */,
				CCFD972C1C1127100074C727 /* 01-索引表视图Tests */,
				CCFD97111C11270F0074C727 /* Products */,
			);
			sourceTree = "<group>";
		};
		CCFD97111C11270F0074C727 /* Products */ = {
			isa = PBXGroup;
			children = (
				CCFD97101C11270F0074C727 /* 01-索引表视图.app */,
				CCFD97291C1127100074C727 /* 01-索引表视图Tests.xctest */,
			);
			name = Products;
			sourceTree = "<group>";
		};
		CCFD97121C11270F0074C727 /* 01-索引表视图 */ = {
			isa = PBXGroup;
			children = (
				CCFD97171C11270F0074C727 /* AppDelegate.h */,
				CCFD97181C11270F0074C727 /* AppDelegate.m */,
				CCFD971A1C11270F0074C727 /* ViewController.h */,
				CCFD971B1C11270F0074C727 /* ViewController.m */,
				CCFD971D1C11270F0074C727 /* Main.storyboard */,
				CCFD97201C11270F0074C727 /* Images.xcassets */,
				CCFD97221C11270F0074C727 /* LaunchScreen.xib */,
				CCFD97131C11270F0074C727 /* Supporting Files */,
			);
			path = "01-索引表视图";
			sourceTree = "<group>";
		};
		CCFD97131C11270F0074C727 /* Supporting Files */ = {
			isa = PBXGroup;
			children = (
				CCFD97391C1127270074C727 /* sortednames.plist */,
				CCFD97141C11270F0074C727 /* Info.plist */,
				CCFD97151C11270F0074C727 /* main.m */,
			);
			name = "Supporting Files";
			sourceTree = "<group>";
		};
		CCFD972C1C1127100074C727 /* 01-索引表视图Tests */ = {
			isa = PBXGroup;
			children = (
				CCFD972F1C1127100074C727 /* _1______Tests.m */,
				CCFD972D1C1127100074C727 /* Supporting Files */,
			);
			path = "01-索引表视图Tests";
			sourceTree = "<group>";
		};
		CCFD972D1C1127100074C727 /* Supporting Files */ = {
			isa = PBXGroup;
			children = (
				CCFD972E1C1127100074C727 /* Info.plist */,
			);
			name = "Supporting Files";
			sourceTree = "<group>";
		};
/* End PBXGroup section */

/* Begin PBXNativeTarget section */
		CCFD970F1C11270F0074C727 /* 01-索引表视图 */ = {
			isa = PBXNativeTarget;
			buildConfigurationList = CCFD97331C1127100074C727 /* Build configuration list for PBXNativeTarget "01-索引表视图" */;
			buildPhases = (
				CCFD970C1C11270F0074C727 /* Sources */,
				CCFD970D1C11270F0074C727 /* Frameworks */,
				CCFD970E1C11270F0074C727 /* Resources */,
			);
			buildRules = (
			);
			dependencies = (
			);
			name = "01-索引表视图";
			productName = "01-索引表视图";
			productReference = CCFD97101C11270F0074C727 /* 01-索引表视图.app */;
			productType = "com.apple.product-type.application";
		};
		CCFD97281C1127100074C727 /* 01-索引表视图Tests */ = {
			isa = PBXNativeTarget;
			buildConfigurationList = CCFD97361C1127100074C727 /* Build configuration list for PBXNativeTarget "01-索引表视图Tests" */;
			buildPhases = (
				CCFD97251C1127100074C727 /* Sources */,
				CCFD97261C1127100074C727 /* Frameworks */,
				CCFD97271C1127100074C727 /* Resources */,
			);
			buildRules = (
			);
			dependencies = (
				CCFD972B1C1127100074C727 /* PBXTargetDependency */,
			);
			name = "01-索引表视图Tests";
			productName = "01-索引表视图Tests";
			productReference = CCFD97291C1127100074C727 /* 01-索引表视图Tests.xctest */;
			productType = "com.apple.product-type.bundle.unit-test";
		};
/* End PBXNativeTarget section */

/* Begin PBXProject section */
		CCFD97081C11270F0074C727 /* Project object */ = {
			isa = PBXProject;
			attributes = {
				LastUpgradeCheck = 0630;
				ORGANIZATIONNAME = qingyun;
				TargetAttributes = {
					CCFD970F1C11270F0074C727 = {
						CreatedOnToolsVersion = 6.3;
					};
					CCFD97281C1127100074C727 = {
						CreatedOnToolsVersion = 6.3;
						TestTargetID = CCFD970F1C11270F0074C727;
					};
				};
			};
			buildConfigurationList = CCFD970B1C11270F0074C727 /* Build configuration list for PBXProject "01-索引表视图" */;
			compatibilityVersion = "Xcode 3.2";
			developmentRegion = English;
			hasScannedForEncodings = 0;
			knownRegions = (
				en,
				Base,
			);
			mainGroup = CCFD97071C11270F0074C727;
			productRefGroup = CCFD97111C11270F0074C727 /* Products */;
			projectDirPath = "";
			projectRoot = "";
			targets = (
				CCFD970F1C11270F0074C727 /* 01-索引表视图 */,
				CCFD97281C1127100074C727 /* 01-索引表视图Tests */,
			);
		};
/* End PBXProject section */

/* Begin PBXResourcesBuildPhase section */
		CCFD970E1C11270F0074C727 /* Resources */ = {
			isa = PBXResourcesBuildPhase;
			buildActionMask = 2147483647;
			files = (
				CCFD973A1C1127270074C727 /* sortednames.plist in Resources */,
				CCFD971F1C11270F0074C727 /* Main.storyboard in Resources */,
				CCFD97241C11270F0074C727 /* LaunchScreen.xib in Resources */,
				CCFD97211C11270F0074C727 /* Images.xcassets in Resources */,
			);
			runOnlyForDeploymentPostprocessing = 0;
		};
		CCFD97271C1127100074C727 /* Resources */ = {
			isa = PBXResourcesBuildPhase;
			buildActionMask = 2147483647;
			files = (
			);
			runOnlyForDeploymentPostprocessing = 0;
		};
/* End PBXResourcesBuildPhase section */

/* Begin PBXSourcesBuildPhase section */
		CCFD970C1C11270F0074C727 /* Sources */ = {
			isa = PBXSourcesBuildPhase;
			buildActionMask = 2147483647;
			files = (
				CCFD971C1C11270F0074C727 /* ViewController.m in Sources */,
				CCFD97191C11270F0074C727 /* AppDelegate.m in Sources */,
				CCFD97161C11270F0074C727 /* main.m in Sources */,
			);
			runOnlyForDeploymentPostprocessing = 0;
		};
		CCFD97251C1127100074C727 /* Sources */ = {
			isa = PBXSourcesBuildPhase;
			buildActionMask = 2147483647;
			files = (
				CCFD97301C1127100074C727 /* _1______Tests.m in Sources */,
			);
			runOnlyForDeploymentPostprocessing = 0;
		};
/* End PBXSourcesBuildPhase section */

/* Begin PBXTargetDependency section */
		CCFD972B1C1127100074C727 /* PBXTargetDependency */ = {
			isa = PBXTargetDependency;
			target = CCFD970F1C11270F0074C727 /* 01-索引表视图 */;
			targetProxy = CCFD972A1C1127100074C727 /* PBXContainerItemProxy */;
		};
/* End PBXTargetDependency section */

/* Begin PBXVariantGroup section */
		CCFD971D1C11270F0074C727 /* Main.storyboard */ = {
			isa = PBXVariantGroup;
			children = (
				CCFD971E1C11270F0074C727 /* Base */,
			);
			name = Main.storyboard;
			sourceTree = "<group>";
		};
		CCFD97221C11270F0074C727 /* LaunchScreen.xib */ = {
			isa = PBXVariantGroup;
			children = (
				CCFD97231C11270F0074C727 /* Base */,
			);
			name = LaunchScreen.xib;
			sourceTree = "<group>";
		};
/* End PBXVariantGroup section */

/* Begin XCBuildConfiguration section */
		CCFD97311C1127100074C727 /* Debug */ = {
			isa = XCBuildConfiguration;
			buildSettings = {
				ALWAYS_SEARCH_USER_PATHS = NO;
				CLANG_CXX_LANGUAGE_STANDARD = "gnu++0x";
				CLANG_CXX_LIBRARY = "libc++";
				CLANG_ENABLE_MODULES = YES;
				CLANG_ENABLE_OBJC_ARC = YES;
				CLANG_WARN_BOOL_CONVERSION = YES;
				CLANG_WARN_CONSTANT_CONVERSION = YES;
				CLANG_WARN_DIRECT_OBJC_ISA_USAGE = YES_ERROR;
				CLANG_WARN_EMPTY_BODY = YES;
				CLANG_WARN_ENUM_CONVERSION = YES;
				CLANG_WARN_INT_CONVERSION = YES;
				CLANG_WARN_OBJC_ROOT_CLASS = YES_ERROR;
				CLANG_WARN_UNREACHABLE_CODE = YES;
				CLANG_WARN__DUPLICATE_METHOD_MATCH = YES;
				"CODE_SIGN_IDENTITY[sdk=iphoneos*]" = "iPhone Developer";
				COPY_PHASE_STRIP = NO;
				DEBUG_INFORMATION_FORMAT = "dwarf-with-dsym";
				ENABLE_STRICT_OBJC_MSGSEND = YES;
				GCC_C_LANGUAGE_STANDARD = gnu99;
				GCC_DYNAMIC_NO_PIC = NO;
				GCC_NO_COMMON_BLOCKS = YES;
				GCC_OPTIMIZATION_LEVEL = 0;
				GCC_PREPROCESSOR_DEFINITIONS = (
					"DEBUG=1",
					"$(inherited)",
				);
				GCC_SYMBOLS_PRIVATE_EXTERN = NO;
				GCC_WARN_64_TO_32_BIT_CONVERSION = YES;
				GCC_WARN_ABOUT_RETURN_TYPE = YES_ERROR;
				GCC_WARN_UNDECLARED_SELECTOR = YES;
				GCC_WARN_UNINITIALIZED_AUTOS = YES_AGGRESSIVE;
				GCC_WARN_UNUSED_FUNCTION = YES;
				GCC_WARN_UNUSED_VARIABLE = YES;
				IPHONEOS_DEPLOYMENT_TARGET = 8.3;
				MTL_ENABLE_DEBUG_INFO = YES;
				ONLY_ACTIVE_ARCH = YES;
				SDKROOT = iphoneos;
			};
			name = Debug;
		};
		CCFD97321C1127100074C727 /* Release */ = {
			isa = XCBuildConfiguration;
			buildSettings = {
				ALWAYS_SEARCH_USER_PATHS = NO;
				CLANG_CXX_LANGUAGE_STANDARD = "gnu++0x";
				CLANG_CXX_LIBRARY = "libc++";
				CLANG_ENABLE_MODULES = YES;
				CLANG_ENABLE_OBJC_ARC = YES;
				CLANG_WARN_BOOL_CONVERSION = YES;
				CLANG_WARN_CONSTANT_CONVERSION = YES;
				CLANG_WARN_DIRECT_OBJC_ISA_USAGE = YES_ERROR;
				CLANG_WARN_EMPTY_BODY = YES;
				CLANG_WARN_ENUM_CONVERSION = YES;
				CLANG_WARN_INT_CONVERSION = YES;
				CLANG_WARN_OBJC_ROOT_CLASS = YES_ERROR;
				CLANG_WARN_UNREACHABLE_CODE = YES;
				CLANG_WARN__DUPLICATE_METHOD_MATCH = YES;
				"CODE_SIGN_IDENTITY[sdk=iphoneos*]" = "iPhone Developer";
				COPY_PHASE_STRIP = NO;
				DEBUG_INFORMATION_FORMAT = "dwarf-with-dsym";
				ENABLE_NS_ASSERTIONS = NO;
				ENABLE_STRICT_OBJC_MSGSEND = YES;
				GCC_C_LANGUAGE_STANDARD = gnu99;
				GCC_NO_COMMON_BLOCKS = YES;
				GCC_WARN_64_TO_32_BIT_CONVERSION = YES;
				GCC_WARN_ABOUT_RETURN_TYPE = YES_ERROR;
				GCC_WARN_UNDECLARED_SELECTOR = YES;
				GCC_WARN_UNINITIALIZED_AUTOS = YES_AGGRESSIVE;
				GCC_WARN_UNUSED_FUNCTION = YES;
				GCC_WARN_UNUSED_VARIABLE = YES;
				IPHONEOS_DEPLOYMENT_TARGET = 8.3;
				MTL_ENABLE_DEBUG_INFO = NO;
				SDKROOT = iphoneos;
				VALIDATE_PRODUCT = YES;
			};
			name = Release;
		};
		CCFD97341C1127100074C727 /* Debug */ = {
			isa = XCBuildConfiguration;
			buildSettings = {
				ASSETCATALOG_COMPILER_APPICON_NAME = AppIcon;
				INFOPLIST_FILE = "01-索引表视图/Info.plist";
				LD_RUNPATH_SEARCH_PATHS = "$(inherited) @executable_path/Frameworks";
				PRODUCT_NAME = "$(TARGET_NAME)";
			};
			name = Debug;
		};
		CCFD97351C1127100074C727 /* Release */ = {
			isa = XCBuildConfiguration;
			buildSettings = {
				ASSETCATALOG_COMPILER_APPICON_NAME = AppIcon;
				INFOPLIST_FILE = "01-索引表视图/Info.plist";
				LD_RUNPATH_SEARCH_PATHS = "$(inherited) @executable_path/Frameworks";
				PRODUCT_NAME = "$(TARGET_NAME)";
			};
			name = Release;
		};
		CCFD97371C1127100074C727 /* Debug */ = {
			isa = XCBuildConfiguration;
			buildSettings = {
				BUNDLE_LOADER = "$(TEST_HOST)";
				FRAMEWORK_SEARCH_PATHS = (
					"$(SDKROOT)/Developer/Library/Frameworks",
					"$(inherited)",
				);
				GCC_PREPROCESSOR_DEFINITIONS = (
					"DEBUG=1",
					"$(inherited)",
				);
				INFOPLIST_FILE = "01-索引表视图Tests/Info.plist";
				LD_RUNPATH_SEARCH_PATHS = "$(inherited) @executable_path/Frameworks @loader_path/Frameworks";
				PRODUCT_NAME = "$(TARGET_NAME)";
				TEST_HOST = "$(BUILT_PRODUCTS_DIR)/01-索引表视图.app/01-索引表视图";
			};
			name = Debug;
		};
		CCFD97381C1127100074C727 /* Release */ = {
			isa = XCBuildConfiguration;
			buildSettings = {
				BUNDLE_LOADER = "$(TEST_HOST)";
				FRAMEWORK_SEARCH_PATHS = (
					"$(SDKROOT)/Developer/Library/Frameworks",
					"$(inherited)",
				);
				INFOPLIST_FILE = "01-索引表视图Tests/Info.plist";
				LD_RUNPATH_SEARCH_PATHS = "$(inherited) @executable_path/Frameworks @loader_path/Frameworks";
				PRODUCT_NAME = "$(TARGET_NAME)";
				TEST_HOST = "$(BUILT_PRODUCTS_DIR)/01-索引表视图.app/01-索引表视图";
			};
			name = Release;
		};
/* End XCBuildConfiguration section */

/* Begin XCConfigurationList section */
		CCFD970B1C11270F0074C727 /* Build configuration list for PBXProject "01-索引表视图" */ = {
			isa = XCConfigurationList;
			buildConfigurations = (
				CCFD97311C1127100074C727 /* Debug */,
				CCFD97321C1127100074C727 /* Release */,
			);
			defaultConfigurationIsVisible = 0;
			defaultConfigurationName = Release;
		};
		CCFD97331C1127100074C727 /* Build configuration list for PBXNativeTarget "01-索引表视图" */ = {
			isa = XCConfigurationList;
			buildConfigurations = (
				CCFD97341C1127100074C727 /* Debug */,
				CCFD97351C1127100074C727 /* Release */,
			);
			defaultConfigurationIsVisible = 0;
		};
		CCFD97361C1127100074C727 /* Build configuration list for PBXNativeTarget "01-索引表视图Tests" */ = {
			isa = XCConfigurationList;
			buildConfigurations = (
				CCFD97371C1127100074C727 /* Debug */,
				CCFD97381C1127100074C727 /* Release */,
			);
			defaultConfigurationIsVisible = 0;
		};
/* End XCConfigurationList section */
	};
	rootObject = CCFD97081C11270F0074C727 /* Project object */;
}
