// !$*UTF8*$!
{
	archiveVersion = 1;
	classes = {
	};
	objectVersion = 46;
	objects = {

/* Begin PBXBuildFile section */
		CCA5B7261C08046000D01F1E /* main.m in Sources */ = {isa = PBXBuildFile; fileRef = CCA5B7251C08046000D01F1E /* main.m */; };
		CCA5B7291C08046000D01F1E /* AppDelegate.m in Sources */ = {isa = PBXBuildFile; fileRef = CCA5B7281C08046000D01F1E /* AppDelegate.m */; };
		CCA5B72C1C08046000D01F1E /* ViewController.m in Sources */ = {isa = PBXBuildFile; fileRef = CCA5B72B1C08046000D01F1E /* ViewController.m */; };
		CCA5B72F1C08046000D01F1E /* Main.storyboard in Resources */ = {isa = PBXBuildFile; fileRef = CCA5B72D1C08046000D01F1E /* Main.storyboard */; };
		CCA5B7311C08046000D01F1E /* Images.xcassets in Resources */ = {isa = PBXBuildFile; fileRef = CCA5B7301C08046000D01F1E /* Images.xcassets */; };
		CCA5B7341C08046000D01F1E /* LaunchScreen.xib in Resources */ = {isa = PBXBuildFile; fileRef = CCA5B7321C08046000D01F1E /* LaunchScreen.xib */; };
		CCA5B7401C08046000D01F1E /* _3_UIScrollViewScrollToTopTests.m in Sources */ = {isa = PBXBuildFile; fileRef = CCA5B73F1C08046000D01F1E /* _3_UIScrollViewScrollToTopTests.m */; };
		CCA5B74A1C0804B700D01F1E /* new_feature_1@2x.png in Resources */ = {isa = PBXBuildFile; fileRef = CCA5B7491C0804B700D01F1E /* new_feature_1@2x.png */; };
/* End PBXBuildFile section */

/* Begin PBXContainerItemProxy section */
		CCA5B73A1C08046000D01F1E /* PBXContainerItemProxy */ = {
			isa = PBXContainerItemProxy;
			containerPortal = CCA5B7181C08045F00D01F1E /* Project object */;
			proxyType = 1;
			remoteGlobalIDString = CCA5B71F1C08046000D01F1E;
			remoteInfo = "03-UIScrollViewScrollToTop";
		};
/* End PBXContainerItemProxy section */

/* Begin PBXFileReference section */
		CCA5B7201C08046000D01F1E /* 03-UIScrollViewScrollToTop.app */ = {isa = PBXFileReference; explicitFileType = wrapper.application; includeInIndex = 0; path = "03-UIScrollViewScrollToTop.app"; sourceTree = BUILT_PRODUCTS_DIR; };
		CCA5B7241C08046000D01F1E /* Info.plist */ = {isa = PBXFileReference; lastKnownFileType = text.plist.xml; path = Info.plist; sourceTree = "<group>"; };
		CCA5B7251C08046000D01F1E /* main.m */ = {isa = PBXFileReference; lastKnownFileType = sourcecode.c.objc; path = main.m; sourceTree = "<group>"; };
		CCA5B7271C08046000D01F1E /* AppDelegate.h */ = {isa = PBXFileReference; lastKnownFileType = sourcecode.c.h; path = AppDelegate.h; sourceTree = "<group>"; };
		CCA5B7281C08046000D01F1E /* AppDelegate.m */ = {isa = PBXFileReference; lastKnownFileType = sourcecode.c.objc; path = AppDelegate.m; sourceTree = "<group>"; };
		CCA5B72A1C08046000D01F1E /* ViewController.h */ = {isa = PBXFileReference; lastKnownFileType = sourcecode.c.h; path = ViewController.h; sourceTree = "<group>"; };
		CCA5B72B1C08046000D01F1E /* ViewController.m */ = {isa = PBXFileReference; lastKnownFileType = sourcecode.c.objc; path = ViewController.m; sourceTree = "<group>"; };
		CCA5B72E1C08046000D01F1E /* Base */ = {isa = PBXFileReference; lastKnownFileType = file.storyboard; name = Base; path = Base.lproj/Main.storyboard; sourceTree = "<group>"; };
		CCA5B7301C08046000D01F1E /* Images.xcassets */ = {isa = PBXFileReference; lastKnownFileType = folder.assetcatalog; path = Images.xcassets; sourceTree = "<group>"; };
		CCA5B7331C08046000D01F1E /* Base */ = {isa = PBXFileReference; lastKnownFileType = file.xib; name = Base; path = Base.lproj/LaunchScreen.xib; sourceTree = "<group>"; };
		CCA5B7391C08046000D01F1E /* 03-UIScrollViewScrollToTopTests.xctest */ = {isa = PBXFileReference; explicitFileType = wrapper.cfbundle; includeInIndex = 0; path = "03-UIScrollViewScrollToTopTests.xctest"; sourceTree = BUILT_PRODUCTS_DIR; };
		CCA5B73E1C08046000D01F1E /* Info.plist */ = {isa = PBXFileReference; lastKnownFileType = text.plist.xml; path = Info.plist; sourceTree = "<group>"; };
		CCA5B73F1C08046000D01F1E /* _3_UIScrollViewScrollToTopTests.m */ = {isa = PBXFileReference; lastKnownFileType = sourcecode.c.objc; path = _3_UIScrollViewScrollToTopTests.m; sourceTree = "<group>"; };
		CCA5B7491C0804B700D01F1E /* new_feature_1@2x.png */ = {isa = PBXFileReference; lastKnownFileType = image.png; path = "new_feature_1@2x.png"; sourceTree = "<group>"; };
/* End PBXFileReference section */

/* Begin PBXFrameworksBuildPhase section */
		CCA5B71D1C08046000D01F1E /* Frameworks */ = {
			isa = PBXFrameworksBuildPhase;
			buildActionMask = 2147483647;
			files = (
			);
			runOnlyForDeploymentPostprocessing = 0;
		};
		CCA5B7361C08046000D01F1E /* Frameworks */ = {
			isa = PBXFrameworksBuildPhase;
			buildActionMask = 2147483647;
			files = (
			);
			runOnlyForDeploymentPostprocessing = 0;
		};
/* End PBXFrameworksBuildPhase section */

/* Begin PBXGroup section */
		CCA5B7171C08045F00D01F1E = {
			isa = PBXGroup;
			children = (
				CCA5B7221C08046000D01F1E /* 03-UIScrollViewScrollToTop */,
				CCA5B73C1C08046000D01F1E /* 03-UIScrollViewScrollToTopTests */,
				CCA5B7211C08046000D01F1E /* Products */,
			);
			sourceTree = "<group>";
		};
		CCA5B7211C08046000D01F1E /* Products */ = {
			isa = PBXGroup;
			children = (
				CCA5B7201C08046000D01F1E /* 03-UIScrollViewScrollToTop.app */,
				CCA5B7391C08046000D01F1E /* 03-UIScrollViewScrollToTopTests.xctest */,
			);
			name = Products;
			sourceTree = "<group>";
		};
		CCA5B7221C08046000D01F1E /* 03-UIScrollViewScrollToTop */ = {
			isa = PBXGroup;
			children = (
				CCA5B7271C08046000D01F1E /* AppDelegate.h */,
				CCA5B7281C08046000D01F1E /* AppDelegate.m */,
				CCA5B72A1C08046000D01F1E /* ViewController.h */,
				CCA5B72B1C08046000D01F1E /* ViewController.m */,
				CCA5B72D1C08046000D01F1E /* Main.storyboard */,
				CCA5B7301C08046000D01F1E /* Images.xcassets */,
				CCA5B7321C08046000D01F1E /* LaunchScreen.xib */,
				CCA5B7231C08046000D01F1E /* Supporting Files */,
			);
			path = "03-UIScrollViewScrollToTop";
			sourceTree = "<group>";
		};
		CCA5B7231C08046000D01F1E /* Supporting Files */ = {
			isa = PBXGroup;
			children = (
				CCA5B7491C0804B700D01F1E /* new_feature_1@2x.png */,
				CCA5B7241C08046000D01F1E /* Info.plist */,
				CCA5B7251C08046000D01F1E /* main.m */,
			);
			name = "Supporting Files";
			sourceTree = "<group>";
		};
		CCA5B73C1C08046000D01F1E /* 03-UIScrollViewScrollToTopTests */ = {
			isa = PBXGroup;
			children = (
				CCA5B73F1C08046000D01F1E /* _3_UIScrollViewScrollToTopTests.m */,
				CCA5B73D1C08046000D01F1E /* Supporting Files */,
			);
			path = "03-UIScrollViewScrollToTopTests";
			sourceTree = "<group>";
		};
		CCA5B73D1C08046000D01F1E /* Supporting Files */ = {
			isa = PBXGroup;
			children = (
				CCA5B73E1C08046000D01F1E /* Info.plist */,
			);
			name = "Supporting Files";
			sourceTree = "<group>";
		};
/* End PBXGroup section */

/* Begin PBXNativeTarget section */
		CCA5B71F1C08046000D01F1E /* 03-UIScrollViewScrollToTop */ = {
			isa = PBXNativeTarget;
			buildConfigurationList = CCA5B7431C08046000D01F1E /* Build configuration list for PBXNativeTarget "03-UIScrollViewScrollToTop" */;
			buildPhases = (
				CCA5B71C1C08046000D01F1E /* Sources */,
				CCA5B71D1C08046000D01F1E /* Frameworks */,
				CCA5B71E1C08046000D01F1E /* Resources */,
			);
			buildRules = (
			);
			dependencies = (
			);
			name = "03-UIScrollViewScrollToTop";
			productName = "03-UIScrollViewScrollToTop";
			productReference = CCA5B7201C08046000D01F1E /* 03-UIScrollViewScrollToTop.app */;
			productType = "com.apple.product-type.application";
		};
		CCA5B7381C08046000D01F1E /* 03-UIScrollViewScrollToTopTests */ = {
			isa = PBXNativeTarget;
			buildConfigurationList = CCA5B7461C08046000D01F1E /* Build configuration list for PBXNativeTarget "03-UIScrollViewScrollToTopTests" */;
			buildPhases = (
				CCA5B7351C08046000D01F1E /* Sources */,
				CCA5B7361C08046000D01F1E /* Frameworks */,
				CCA5B7371C08046000D01F1E /* Resources */,
			);
			buildRules = (
			);
			dependencies = (
				CCA5B73B1C08046000D01F1E /* PBXTargetDependency */,
			);
			name = "03-UIScrollViewScrollToTopTests";
			productName = "03-UIScrollViewScrollToTopTests";
			productReference = CCA5B7391C08046000D01F1E /* 03-UIScrollViewScrollToTopTests.xctest */;
			productType = "com.apple.product-type.bundle.unit-test";
		};
/* End PBXNativeTarget section */

/* Begin PBXProject section */
		CCA5B7181C08045F00D01F1E /* Project object */ = {
			isa = PBXProject;
			attributes = {
				LastUpgradeCheck = 0630;
				ORGANIZATIONNAME = qingyun;
				TargetAttributes = {
					CCA5B71F1C08046000D01F1E = {
						CreatedOnToolsVersion = 6.3;
					};
					CCA5B7381C08046000D01F1E = {
						CreatedOnToolsVersion = 6.3;
						TestTargetID = CCA5B71F1C08046000D01F1E;
					};
				};
			};
			buildConfigurationList = CCA5B71B1C08045F00D01F1E /* Build configuration list for PBXProject "03-UIScrollViewScrollToTop" */;
			compatibilityVersion = "Xcode 3.2";
			developmentRegion = English;
			hasScannedForEncodings = 0;
			knownRegions = (
				en,
				Base,
			);
			mainGroup = CCA5B7171C08045F00D01F1E;
			productRefGroup = CCA5B7211C08046000D01F1E /* Products */;
			projectDirPath = "";
			projectRoot = "";
			targets = (
				CCA5B71F1C08046000D01F1E /* 03-UIScrollViewScrollToTop */,
				CCA5B7381C08046000D01F1E /* 03-UIScrollViewScrollToTopTests */,
			);
		};
/* End PBXProject section */

/* Begin PBXResourcesBuildPhase section */
		CCA5B71E1C08046000D01F1E /* Resources */ = {
			isa = PBXResourcesBuildPhase;
			buildActionMask = 2147483647;
			files = (
				CCA5B72F1C08046000D01F1E /* Main.storyboard in Resources */,
				CCA5B7341C08046000D01F1E /* LaunchScreen.xib in Resources */,
				CCA5B74A1C0804B700D01F1E /* new_feature_1@2x.png in Resources */,
				CCA5B7311C08046000D01F1E /* Images.xcassets in Resources */,
			);
			runOnlyForDeploymentPostprocessing = 0;
		};
		CCA5B7371C08046000D01F1E /* Resources */ = {
			isa = PBXResourcesBuildPhase;
			buildActionMask = 2147483647;
			files = (
			);
			runOnlyForDeploymentPostprocessing = 0;
		};
/* End PBXResourcesBuildPhase section */

/* Begin PBXSourcesBuildPhase section */
		CCA5B71C1C08046000D01F1E /* Sources */ = {
			isa = PBXSourcesBuildPhase;
			buildActionMask = 2147483647;
			files = (
				CCA5B72C1C08046000D01F1E /* ViewController.m in Sources */,
				CCA5B7291C08046000D01F1E /* AppDelegate.m in Sources */,
				CCA5B7261C08046000D01F1E /* main.m in Sources */,
			);
			runOnlyForDeploymentPostprocessing = 0;
		};
		CCA5B7351C08046000D01F1E /* Sources */ = {
			isa = PBXSourcesBuildPhase;
			buildActionMask = 2147483647;
			files = (
				CCA5B7401C08046000D01F1E /* _3_UIScrollViewScrollToTopTests.m in Sources */,
			);
			runOnlyForDeploymentPostprocessing = 0;
		};
/* End PBXSourcesBuildPhase section */

/* Begin PBXTargetDependency section */
		CCA5B73B1C08046000D01F1E /* PBXTargetDependency */ = {
			isa = PBXTargetDependency;
			target = CCA5B71F1C08046000D01F1E /* 03-UIScrollViewScrollToTop */;
			targetProxy = CCA5B73A1C08046000D01F1E /* PBXContainerItemProxy */;
		};
/* End PBXTargetDependency section */

/* Begin PBXVariantGroup section */
		CCA5B72D1C08046000D01F1E /* Main.storyboard */ = {
			isa = PBXVariantGroup;
			children = (
				CCA5B72E1C08046000D01F1E /* Base */,
			);
			name = Main.storyboard;
			sourceTree = "<group>";
		};
		CCA5B7321C08046000D01F1E /* LaunchScreen.xib */ = {
			isa = PBXVariantGroup;
			children = (
				CCA5B7331C08046000D01F1E /* Base */,
			);
			name = LaunchScreen.xib;
			sourceTree = "<group>";
		};
/* End PBXVariantGroup section */

/* Begin XCBuildConfiguration section */
		CCA5B7411C08046000D01F1E /* Debug */ = {
			isa = XCBuildConfiguration;
			buildSettings = {
				ALWAYS_SEARCH_USER_PATHS = NO;
				CLANG_CXX_LANGUAGE_STANDARD = "gnu++0x";
				CLANG_CXX_LIBRARY = "libc++";
				CLANG_ENABLE_MODULES = YES;
				CLANG_ENABLE_OBJC_ARC = YES;
				CLANG_WARN_BOOL_CONVERSION = YES;
				CLANG_WARN_CONSTANT_CONVERSION = YES;
				CLANG_WARN_DIRECT_OBJC_ISA_USAGE = YES_ERROR;
				CLANG_WARN_EMPTY_BODY = YES;
				CLANG_WARN_ENUM_CONVERSION = YES;
				CLANG_WARN_INT_CONVERSION = YES;
				CLANG_WARN_OBJC_ROOT_CLASS = YES_ERROR;
				CLANG_WARN_UNREACHABLE_CODE = YES;
				CLANG_WARN__DUPLICATE_METHOD_MATCH = YES;
				"CODE_SIGN_IDENTITY[sdk=iphoneos*]" = "iPhone Developer";
				COPY_PHASE_STRIP = NO;
				DEBUG_INFORMATION_FORMAT = "dwarf-with-dsym";
				ENABLE_STRICT_OBJC_MSGSEND = YES;
				GCC_C_LANGUAGE_STANDARD = gnu99;
				GCC_DYNAMIC_NO_PIC = NO;
				GCC_NO_COMMON_BLOCKS = YES;
				GCC_OPTIMIZATION_LEVEL = 0;
				GCC_PREPROCESSOR_DEFINITIONS = (
					"DEBUG=1",
					"$(inherited)",
				);
				GCC_SYMBOLS_PRIVATE_EXTERN = NO;
				GCC_WARN_64_TO_32_BIT_CONVERSION = YES;
				GCC_WARN_ABOUT_RETURN_TYPE = YES_ERROR;
				GCC_WARN_UNDECLARED_SELECTOR = YES;
				GCC_WARN_UNINITIALIZED_AUTOS = YES_AGGRESSIVE;
				GCC_WARN_UNUSED_FUNCTION = YES;
				GCC_WARN_UNUSED_VARIABLE = YES;
				IPHONEOS_DEPLOYMENT_TARGET = 8.3;
				MTL_ENABLE_DEBUG_INFO = YES;
				ONLY_ACTIVE_ARCH = YES;
				SDKROOT = iphoneos;
			};
			name = Debug;
		};
		CCA5B7421C08046000D01F1E /* Release */ = {
			isa = XCBuildConfiguration;
			buildSettings = {
				ALWAYS_SEARCH_USER_PATHS = NO;
				CLANG_CXX_LANGUAGE_STANDARD = "gnu++0x";
				CLANG_CXX_LIBRARY = "libc++";
				CLANG_ENABLE_MODULES = YES;
				CLANG_ENABLE_OBJC_ARC = YES;
				CLANG_WARN_BOOL_CONVERSION = YES;
				CLANG_WARN_CONSTANT_CONVERSION = YES;
				CLANG_WARN_DIRECT_OBJC_ISA_USAGE = YES_ERROR;
				CLANG_WARN_EMPTY_BODY = YES;
				CLANG_WARN_ENUM_CONVERSION = YES;
				CLANG_WARN_INT_CONVERSION = YES;
				CLANG_WARN_OBJC_ROOT_CLASS = YES_ERROR;
				CLANG_WARN_UNREACHABLE_CODE = YES;
				CLANG_WARN__DUPLICATE_METHOD_MATCH = YES;
				"CODE_SIGN_IDENTITY[sdk=iphoneos*]" = "iPhone Developer";
				COPY_PHASE_STRIP = NO;
				DEBUG_INFORMATION_FORMAT = "dwarf-with-dsym";
				ENABLE_NS_ASSERTIONS = NO;
				ENABLE_STRICT_OBJC_MSGSEND = YES;
				GCC_C_LANGUAGE_STANDARD = gnu99;
				GCC_NO_COMMON_BLOCKS = YES;
				GCC_WARN_64_TO_32_BIT_CONVERSION = YES;
				GCC_WARN_ABOUT_RETURN_TYPE = YES_ERROR;
				GCC_WARN_UNDECLARED_SELECTOR = YES;
				GCC_WARN_UNINITIALIZED_AUTOS = YES_AGGRESSIVE;
				GCC_WARN_UNUSED_FUNCTION = YES;
				GCC_WARN_UNUSED_VARIABLE = YES;
				IPHONEOS_DEPLOYMENT_TARGET = 8.3;
				MTL_ENABLE_DEBUG_INFO = NO;
				SDKROOT = iphoneos;
				VALIDATE_PRODUCT = YES;
			};
			name = Release;
		};
		CCA5B7441C08046000D01F1E /* Debug */ = {
			isa = XCBuildConfiguration;
			buildSettings = {
				ASSETCATALOG_COMPILER_APPICON_NAME = AppIcon;
				INFOPLIST_FILE = "03-UIScrollViewScrollToTop/Info.plist";
				LD_RUNPATH_SEARCH_PATHS = "$(inherited) @executable_path/Frameworks";
				PRODUCT_NAME = "$(TARGET_NAME)";
			};
			name = Debug;
		};
		CCA5B7451C08046000D01F1E /* Release */ = {
			isa = XCBuildConfiguration;
			buildSettings = {
				ASSETCATALOG_COMPILER_APPICON_NAME = AppIcon;
				INFOPLIST_FILE = "03-UIScrollViewScrollToTop/Info.plist";
				LD_RUNPATH_SEARCH_PATHS = "$(inherited) @executable_path/Frameworks";
				PRODUCT_NAME = "$(TARGET_NAME)";
			};
			name = Release;
		};
		CCA5B7471C08046000D01F1E /* Debug */ = {
			isa = XCBuildConfiguration;
			buildSettings = {
				BUNDLE_LOADER = "$(TEST_HOST)";
				FRAMEWORK_SEARCH_PATHS = (
					"$(SDKROOT)/Developer/Library/Frameworks",
					"$(inherited)",
				);
				GCC_PREPROCESSOR_DEFINITIONS = (
					"DEBUG=1",
					"$(inherited)",
				);
				INFOPLIST_FILE = "03-UIScrollViewScrollToTopTests/Info.plist";
				LD_RUNPATH_SEARCH_PATHS = "$(inherited) @executable_path/Frameworks @loader_path/Frameworks";
				PRODUCT_NAME = "$(TARGET_NAME)";
				TEST_HOST = "$(BUILT_PRODUCTS_DIR)/03-UIScrollViewScrollToTop.app/03-UIScrollViewScrollToTop";
			};
			name = Debug;
		};
		CCA5B7481C08046000D01F1E /* Release */ = {
			isa = XCBuildConfiguration;
			buildSettings = {
				BUNDLE_LOADER = "$(TEST_HOST)";
				FRAMEWORK_SEARCH_PATHS = (
					"$(SDKROOT)/Developer/Library/Frameworks",
					"$(inherited)",
				);
				INFOPLIST_FILE = "03-UIScrollViewScrollToTopTests/Info.plist";
				LD_RUNPATH_SEARCH_PATHS = "$(inherited) @executable_path/Frameworks @loader_path/Frameworks";
				PRODUCT_NAME = "$(TARGET_NAME)";
				TEST_HOST = "$(BUILT_PRODUCTS_DIR)/03-UIScrollViewScrollToTop.app/03-UIScrollViewScrollToTop";
			};
			name = Release;
		};
/* End XCBuildConfiguration section */

/* Begin XCConfigurationList section */
		CCA5B71B1C08045F00D01F1E /* Build configuration list for PBXProject "03-UIScrollViewScrollToTop" */ = {
			isa = XCConfigurationList;
			buildConfigurations = (
				CCA5B7411C08046000D01F1E /* Debug */,
				CCA5B7421C08046000D01F1E /* Release */,
			);
			defaultConfigurationIsVisible = 0;
			defaultConfigurationName = Release;
		};
		CCA5B7431C08046000D01F1E /* Build configuration list for PBXNativeTarget "03-UIScrollViewScrollToTop" */ = {
			isa = XCConfigurationList;
			buildConfigurations = (
				CCA5B7441C08046000D01F1E /* Debug */,
				CCA5B7451C08046000D01F1E /* Release */,
			);
			defaultConfigurationIsVisible = 0;
		};
		CCA5B7461C08046000D01F1E /* Build configuration list for PBXNativeTarget "03-UIScrollViewScrollToTopTests" */ = {
			isa = XCConfigurationList;
			buildConfigurations = (
				CCA5B7471C08046000D01F1E /* Debug */,
				CCA5B7481C08046000D01F1E /* Release */,
			);
			defaultConfigurationIsVisible = 0;
		};
/* End XCConfigurationList section */
	};
	rootObject = CCA5B7181C08045F00D01F1E /* Project object */;
}
